
Microsoft Visual Studio Solution File, Format Version 11.00
# Visual Studio 2010
Project("{FAE04EC0-301F-11D3-BF4B-00C04F79EFBC}") = "SocketDebuggingProtocol", "SocketDebuggingProtocol\SocketDebuggingProtocol.csproj", "{31F9DC83-A42E-4D1F-A9BE-97B771C26DB8}"
EndProject
Project("{FAE04EC0-301F-11D3-BF4B-00C04F79EFBC}") = "TestSDP", "TestSDP\TestSDP.csproj", "{746A106C-C938-427D-9DE3-B748C16EFAE8}"
EndProject
Global
	GlobalSection(SolutionConfigurationPlatforms) = preSolution
		Debug|Any CPU = Debug|Any CPU
		Debug|Mixed Platforms = Debug|Mixed Platforms
		Debug|x86 = Debug|x86
		Release|Any CPU = Release|Any CPU
		Release|Mixed Platforms = Release|Mixed Platforms
		Release|x86 = Release|x86
	EndGlobalSection
	GlobalSection(ProjectConfigurationPlatforms) = postSolution
		{31F9DC83-A42E-4D1F-A9BE-97B771C26DB8}.Debug|Any CPU.ActiveCfg = Debug|Any CPU
		{31F9DC83-A42E-4D1F-A9BE-97B771C26DB8}.Debug|Any CPU.Build.0 = Debug|Any CPU
		{31F9DC83-A42E-4D1F-A9BE-97B771C26DB8}.Debug|Mixed Platforms.ActiveCfg = Debug|Any CPU
		{31F9DC83-A42E-4D1F-A9BE-97B771C26DB8}.Debug|Mixed Platforms.Build.0 = Debug|Any CPU
		{31F9DC83-A42E-4D1F-A9BE-97B771C26DB8}.Debug|x86.ActiveCfg = Debug|Any CPU
		{31F9DC83-A42E-4D1F-A9BE-97B771C26DB8}.Release|Any CPU.ActiveCfg = Release|Any CPU
		{31F9DC83-A42E-4D1F-A9BE-97B771C26DB8}.Release|Any CPU.Build.0 = Release|Any CPU
		{31F9DC83-A42E-4D1F-A9BE-97B771C26DB8}.Release|Mixed Platforms.ActiveCfg = Release|Any CPU
		{31F9DC83-A42E-4D1F-A9BE-97B771C26DB8}.Release|Mixed Platforms.Build.0 = Release|Any CPU
		{31F9DC83-A42E-4D1F-A9BE-97B771C26DB8}.Release|x86.ActiveCfg = Release|Any CPU
		{746A106C-C938-427D-9DE3-B748C16EFAE8}.Debug|Any CPU.ActiveCfg = Debug|x86
		{746A106C-C938-427D-9DE3-B748C16EFAE8}.Debug|Mixed Platforms.ActiveCfg = Debug|x86
		{746A106C-C938-427D-9DE3-B748C16EFAE8}.Debug|Mixed Platforms.Build.0 = Debug|x86
		{746A106C-C938-427D-9DE3-B748C16EFAE8}.Debug|x86.ActiveCfg = Debug|x86
		{746A106C-C938-427D-9DE3-B748C16EFAE8}.Debug|x86.Build.0 = Debug|x86
		{746A106C-C938-427D-9DE3-B748C16EFAE8}.Release|Any CPU.ActiveCfg = Release|x86
		{746A106C-C938-427D-9DE3-B748C16EFAE8}.Release|Mixed Platforms.ActiveCfg = Release|x86
		{746A106C-C938-427D-9DE3-B748C16EFAE8}.Release|Mixed Platforms.Build.0 = Release|x86
		{746A106C-C938-427D-9DE3-B748C16EFAE8}.Release|x86.ActiveCfg = Release|x86
		{746A106C-C938-427D-9DE3-B748C16EFAE8}.Release|x86.Build.0 = Release|x86
	EndGlobalSection
	GlobalSection(SolutionProperties) = preSolution
		HideSolutionNode = FALSE
	EndGlobalSection
EndGlobal
